// !$*UTF8*$!
{
	archiveVersion = 1;
	classes = {
	};
	objectVersion = 46;
	objects = {

/* Begin PBXBuildFile section */
		A30BD993134E912400BBFBA2 /* avrspx.c in Sources */ = {isa = PBXBuildFile; fileRef = A30BD987134E912400BBFBA2 /* avrspx.c */; };
		A30BD994134E912400BBFBA2 /* hidasp.c in Sources */ = {isa = PBXBuildFile; fileRef = A30BD98B134E912400BBFBA2 /* hidasp.c */; };
		A30BD997134E912400BBFBA2 /* utils.c in Sources */ = {isa = PBXBuildFile; fileRef = A30BD992134E912400BBFBA2 /* utils.c */; };
		A35F1A531369186300D085F0 /* usbasp.c in Sources */ = {isa = PBXBuildFile; fileRef = A35F1A521369186300D085F0 /* usbasp.c */; };
		A3BC04881355252E0087ACBE /* hwctrl.c in Sources */ = {isa = PBXBuildFile; fileRef = A3BC04871355252E0087ACBE /* hwctrl.c */; };
/* End PBXBuildFile section */

/* Begin PBXCopyFilesBuildPhase section */
		A30BD925134E8FD700BBFBA2 /* CopyFiles */ = {
			isa = PBXCopyFilesBuildPhase;
			buildActionMask = 2147483647;
			dstPath = /usr/share/man/man1/;
			dstSubfolderSpec = 0;
			files = (
			);
			runOnlyForDeploymentPostprocessing = 1;
		};
/* End PBXCopyFilesBuildPhase section */

/* Begin PBXFileReference section */
		A30BD927134E8FD700BBFBA2 /* hidspx */ = {isa = PBXFileReference; explicitFileType = "compiled.mach-o.executable"; includeInIndex = 0; path = hidspx; sourceTree = BUILT_PRODUCTS_DIR; };
		A30BD92D134E8FD700BBFBA2 /* hidspx_posix.1 */ = {isa = PBXFileReference; lastKnownFileType = text.man; path = hidspx_posix.1; sourceTree = "<group>"; };
		A30BD987134E912400BBFBA2 /* avrspx.c */ = {isa = PBXFileReference; fileEncoding = 4; lastKnownFileType = sourcecode.c.c; path = avrspx.c; sourceTree = "<group>"; };
		A30BD988134E912400BBFBA2 /* avrspx.h */ = {isa = PBXFileReference; fileEncoding = 4; lastKnownFileType = sourcecode.c.h; path = avrspx.h; sourceTree = "<group>"; };
		A30BD989134E912400BBFBA2 /* fuse_en.txt */ = {isa = PBXFileReference; fileEncoding = 4; lastKnownFileType = text; path = fuse_en.txt; sourceTree = "<group>"; };
		A30BD98A134E912400BBFBA2 /* fuse.txt */ = {isa = PBXFileReference; fileEncoding = 4; lastKnownFileType = text; path = fuse.txt; sourceTree = "<group>"; };
		A30BD98B134E912400BBFBA2 /* hidasp.c */ = {isa = PBXFileReference; fileEncoding = 4; lastKnownFileType = sourcecode.c.c; path = hidasp.c; sourceTree = "<group>"; };
		A30BD98C134E912400BBFBA2 /* hidasp.h */ = {isa = PBXFileReference; fileEncoding = 4; lastKnownFileType = sourcecode.c.h; path = hidasp.h; sourceTree = "<group>"; };
		A30BD98D134E912400BBFBA2 /* hidcmd.h */ = {isa = PBXFileReference; fileEncoding = 4; lastKnownFileType = sourcecode.c.h; path = hidcmd.h; sourceTree = "<group>"; };
		A30BD98E134E912400BBFBA2 /* hidspx.ini */ = {isa = PBXFileReference; fileEncoding = 4; lastKnownFileType = text; path = hidspx.ini; sourceTree = "<group>"; };
		A30BD992134E912400BBFBA2 /* utils.c */ = {isa = PBXFileReference; fileEncoding = 4; lastKnownFileType = sourcecode.c.c; path = utils.c; sourceTree = "<group>"; };
		A30BD99C134EDFC400BBFBA2 /* hwctrl.h */ = {isa = PBXFileReference; fileEncoding = 4; lastKnownFileType = sourcecode.c.h; path = hwctrl.h; sourceTree = "<group>"; };
		A35F1A4F1369117700D085F0 /* usbasp.h */ = {isa = PBXFileReference; fileEncoding = 4; lastKnownFileType = sourcecode.c.h; path = usbasp.h; sourceTree = "<group>"; };
		A35F1A521369186300D085F0 /* usbasp.c */ = {isa = PBXFileReference; fileEncoding = 4; lastKnownFileType = sourcecode.c.c; path = usbasp.c; sourceTree = "<group>"; };
		A35F1A5C137009DB00D085F0 /* aclocal.m4 */ = {isa = PBXFileReference; fileEncoding = 4; lastKnownFileType = text; path = aclocal.m4; sourceTree = "<group>"; };
		A35F1A5D137009DB00D085F0 /* AUTHORS */ = {isa = PBXFileReference; fileEncoding = 4; lastKnownFileType = text; path = AUTHORS; sourceTree = "<group>"; };
		A35F1A5E137009DB00D085F0 /* ChangeLog */ = {isa = PBXFileReference; fileEncoding = 4; lastKnownFileType = text; path = ChangeLog; sourceTree = "<group>"; };
		A35F1A5F137009DB00D085F0 /* compile */ = {isa = PBXFileReference; fileEncoding = 4; lastKnownFileType = text.script.sh; path = compile; sourceTree = "<group>"; };
		A35F1A60137009DB00D085F0 /* config.guess */ = {isa = PBXFileReference; fileEncoding = 4; lastKnownFileType = text.script.sh; path = config.guess; sourceTree = "<group>"; };
		A35F1A61137009DB00D085F0 /* config.h */ = {isa = PBXFileReference; fileEncoding = 4; lastKnownFileType = sourcecode.c.h; path = config.h; sourceTree = "<group>"; };
		A35F1A62137009DC00D085F0 /* config.h.in */ = {isa = PBXFileReference; fileEncoding = 4; lastKnownFileType = text; path = config.h.in; sourceTree = "<group>"; };
		A35F1A63137009DC00D085F0 /* config.sub */ = {isa = PBXFileReference; fileEncoding = 4; lastKnownFileType = text.script.sh; path = config.sub; sourceTree = "<group>"; };
		A35F1A64137009DC00D085F0 /* configure */ = {isa = PBXFileReference; fileEncoding = 4; lastKnownFileType = text.script.sh; path = configure; sourceTree = "<group>"; };
		A35F1A65137009DC00D085F0 /* configure.in */ = {isa = PBXFileReference; fileEncoding = 4; lastKnownFileType = text; path = configure.in; sourceTree = "<group>"; };
		A35F1A66137009DC00D085F0 /* COPYING */ = {isa = PBXFileReference; fileEncoding = 4; lastKnownFileType = text; path = COPYING; sourceTree = "<group>"; };
		A35F1A67137009DD00D085F0 /* depcomp */ = {isa = PBXFileReference; fileEncoding = 4; lastKnownFileType = text.script.sh; path = depcomp; sourceTree = "<group>"; };
		A35F1A68137009DD00D085F0 /* INSTALL */ = {isa = PBXFileReference; fileEncoding = 4; lastKnownFileType = text; path = INSTALL; sourceTree = "<group>"; };
		A35F1A69137009DD00D085F0 /* install-sh */ = {isa = PBXFileReference; fileEncoding = 4; lastKnownFileType = text.script.sh; path = "install-sh"; sourceTree = "<group>"; };
		A35F1A6A137009DD00D085F0 /* Makefile.am */ = {isa = PBXFileReference; fileEncoding = 4; lastKnownFileType = text; path = Makefile.am; sourceTree = "<group>"; };
		A35F1A6B137009DD00D085F0 /* Makefile.in */ = {isa = PBXFileReference; fileEncoding = 4; lastKnownFileType = text; path = Makefile.in; sourceTree = "<group>"; };
		A35F1A6C137009DD00D085F0 /* Makefile.org */ = {isa = PBXFileReference; fileEncoding = 4; lastKnownFileType = text; path = Makefile.org; sourceTree = "<group>"; };
		A35F1A6D137009DD00D085F0 /* NEWS */ = {isa = PBXFileReference; fileEncoding = 4; lastKnownFileType = text; path = NEWS; sourceTree = "<group>"; };
		A35F1A6E137009DE00D085F0 /* README */ = {isa = PBXFileReference; fileEncoding = 4; lastKnownFileType = text; path = README; sourceTree = "<group>"; };
		A3BC04871355252E0087ACBE /* hwctrl.c */ = {isa = PBXFileReference; fileEncoding = 4; lastKnownFileType = sourcecode.c.c; path = hwctrl.c; sourceTree = "<group>"; };
/* End PBXFileReference section */

/* Begin PBXFrameworksBuildPhase section */
		A30BD924134E8FD700BBFBA2 /* Frameworks */ = {
			isa = PBXFrameworksBuildPhase;
			buildActionMask = 2147483647;
			files = (
			);
			runOnlyForDeploymentPostprocessing = 0;
		};
/* End PBXFrameworksBuildPhase section */

/* Begin PBXGroup section */
		A30BD91C134E8FD700BBFBA2 = {
			isa = PBXGroup;
			children = (
				A30BD92A134E8FD700BBFBA2 /* hidspx_posix */,
				A30BD928134E8FD700BBFBA2 /* Products */,
			);
			sourceTree = "<group>";
		};
		A30BD928134E8FD700BBFBA2 /* Products */ = {
			isa = PBXGroup;
			children = (
				A30BD927134E8FD700BBFBA2 /* hidspx */,
			);
			name = Products;
			sourceTree = "<group>";
		};
		A30BD92A134E8FD700BBFBA2 /* hidspx_posix */ = {
			isa = PBXGroup;
			children = (
				A30BD99C134EDFC400BBFBA2 /* hwctrl.h */,
				A30BD987134E912400BBFBA2 /* avrspx.c */,
				A35F1A5C137009DB00D085F0 /* aclocal.m4 */,
				A35F1A5D137009DB00D085F0 /* AUTHORS */,
				A35F1A5E137009DB00D085F0 /* ChangeLog */,
				A35F1A5F137009DB00D085F0 /* compile */,
				A35F1A60137009DB00D085F0 /* config.guess */,
				A35F1A61137009DB00D085F0 /* config.h */,
				A35F1A62137009DC00D085F0 /* config.h.in */,
				A35F1A63137009DC00D085F0 /* config.sub */,
				A35F1A64137009DC00D085F0 /* configure */,
				A35F1A65137009DC00D085F0 /* configure.in */,
				A35F1A66137009DC00D085F0 /* COPYING */,
				A35F1A67137009DD00D085F0 /* depcomp */,
				A35F1A68137009DD00D085F0 /* INSTALL */,
				A35F1A69137009DD00D085F0 /* install-sh */,
				A35F1A6A137009DD00D085F0 /* Makefile.am */,
				A35F1A6B137009DD00D085F0 /* Makefile.in */,
				A35F1A6C137009DD00D085F0 /* Makefile.org */,
				A35F1A6D137009DD00D085F0 /* NEWS */,
				A35F1A6E137009DE00D085F0 /* README */,
				A30BD988134E912400BBFBA2 /* avrspx.h */,
				A30BD989134E912400BBFBA2 /* fuse_en.txt */,
				A30BD98A134E912400BBFBA2 /* fuse.txt */,
				A30BD98B134E912400BBFBA2 /* hidasp.c */,
				A30BD98C134E912400BBFBA2 /* hidasp.h */,
				A30BD98D134E912400BBFBA2 /* hidcmd.h */,
				A30BD98E134E912400BBFBA2 /* hidspx.ini */,
				A30BD992134E912400BBFBA2 /* utils.c */,
				A30BD92D134E8FD700BBFBA2 /* hidspx_posix.1 */,
				A3BC04871355252E0087ACBE /* hwctrl.c */,
				A35F1A4F1369117700D085F0 /* usbasp.h */,
				A35F1A521369186300D085F0 /* usbasp.c */,
			);
			path = hidspx_posix;
			sourceTree = "<group>";
		};
/* End PBXGroup section */

/* Begin PBXNativeTarget section */
		A30BD926134E8FD700BBFBA2 /* hidspx */ = {
			isa = PBXNativeTarget;
			buildConfigurationList = A30BD930134E8FD700BBFBA2 /* Build configuration list for PBXNativeTarget "hidspx" */;
			buildPhases = (
				A30BD923134E8FD700BBFBA2 /* Sources */,
				A30BD924134E8FD700BBFBA2 /* Frameworks */,
				A30BD925134E8FD700BBFBA2 /* CopyFiles */,
			);
			buildRules = (
			);
			dependencies = (
			);
			name = hidspx;
			productName = hidspx_posix;
			productReference = A30BD927134E8FD700BBFBA2 /* hidspx */;
			productType = "com.apple.product-type.tool";
		};
/* End PBXNativeTarget section */

/* Begin PBXProject section */
		A30BD91E134E8FD700BBFBA2 /* Project object */ = {
			isa = PBXProject;
			buildConfigurationList = A30BD921134E8FD700BBFBA2 /* Build configuration list for PBXProject "hidspx_posix" */;
			compatibilityVersion = "Xcode 3.2";
			developmentRegion = English;
			hasScannedForEncodings = 0;
			knownRegions = (
				en,
			);
			mainGroup = A30BD91C134E8FD700BBFBA2;
			productRefGroup = A30BD928134E8FD700BBFBA2 /* Products */;
			projectDirPath = "";
			projectRoot = "";
			targets = (
				A30BD926134E8FD700BBFBA2 /* hidspx */,
			);
		};
/* End PBXProject section */

/* Begin PBXSourcesBuildPhase section */
		A30BD923134E8FD700BBFBA2 /* Sources */ = {
			isa = PBXSourcesBuildPhase;
			buildActionMask = 2147483647;
			files = (
				A30BD993134E912400BBFBA2 /* avrspx.c in Sources */,
				A30BD994134E912400BBFBA2 /* hidasp.c in Sources */,
				A30BD997134E912400BBFBA2 /* utils.c in Sources */,
				A3BC04881355252E0087ACBE /* hwctrl.c in Sources */,
				A35F1A531369186300D085F0 /* usbasp.c in Sources */,
			);
			runOnlyForDeploymentPostprocessing = 0;
		};
/* End PBXSourcesBuildPhase section */

/* Begin XCBuildConfiguration section */
		A30BD92E134E8FD700BBFBA2 /* Debug */ = {
			isa = XCBuildConfiguration;
			buildSettings = {
				ARCHS = "$(ARCHS_STANDARD_32_64_BIT)";
				GCC_C_LANGUAGE_STANDARD = gnu99;
				GCC_OPTIMIZATION_LEVEL = 0;
				GCC_PREPROCESSOR_DEFINITIONS = (
					DEBUG,
					"DATADIR=\"\\\"/usr/local/share\\\"\"",
				);
				GCC_SYMBOLS_PRIVATE_EXTERN = NO;
				GCC_VERSION = com.apple.compilers.llvm.clang.1_0;
				GCC_WARN_64_TO_32_BIT_CONVERSION = YES;
				GCC_WARN_ABOUT_RETURN_TYPE = YES;
				GCC_WARN_UNUSED_VARIABLE = YES;
				HEADER_SEARCH_PATHS = /opt/local/include;
				INSTALL_PATH = /usr/local/bin;
				LD_RUNPATH_SEARCH_PATHS = /opt/local/lib;
				LIBRARY_SEARCH_PATHS = /opt/local/lib;
				MACOSX_DEPLOYMENT_TARGET = 10.6;
				ONLY_ACTIVE_ARCH = YES;
				OTHER_LDFLAGS = "-lusb";
				PRODUCT_NAME = hidspx_posix;
				SDKROOT = macosx;
			};
			name = Debug;
		};
		A30BD92F134E8FD700BBFBA2 /* Release */ = {
			isa = XCBuildConfiguration;
			buildSettings = {
				ARCHS = "$(ARCHS_STANDARD_32_64_BIT)";
				GCC_C_LANGUAGE_STANDARD = gnu99;
				GCC_PREPROCESSOR_DEFINITIONS = "DATADIR=\"\\\"/usr/local/share\\\"\"";
				GCC_VERSION = com.apple.compilers.llvm.clang.1_0;
				GCC_WARN_64_TO_32_BIT_CONVERSION = YES;
				GCC_WARN_ABOUT_RETURN_TYPE = YES;
				GCC_WARN_UNUSED_VARIABLE = YES;
				HEADER_SEARCH_PATHS = /opt/local/include;
				INSTALL_PATH = /usr/local/bin;
				LD_RUNPATH_SEARCH_PATHS = /opt/local/lib;
				LIBRARY_SEARCH_PATHS = /opt/local/lib;
				MACOSX_DEPLOYMENT_TARGET = 10.6;
				OTHER_LDFLAGS = "-lusb";
				PRODUCT_NAME = hidspx_posix;
				SDKROOT = macosx;
			};
			name = Release;
		};
		A30BD931134E8FD700BBFBA2 /* Debug */ = {
			isa = XCBuildConfiguration;
			buildSettings = {
				ALWAYS_SEARCH_USER_PATHS = NO;
				COPY_PHASE_STRIP = NO;
				GCC_DYNAMIC_NO_PIC = NO;
				GCC_ENABLE_OBJC_EXCEPTIONS = YES;
				LIBRARY_SEARCH_PATHS = (
					"$(inherited)",
					"\"$(SRCROOT)/hidspx_posix/Downloads/hidspx-2011-0324/bin\"",
					"\"$(SRCROOT)/hidspx_posix/Downloads/hidspx-2011-0324/src/libusb/lib/gcc\"",
					"\"$(SRCROOT)/hidspx_posix/Downloads/hidspx-2011-0324/src/libusb/lib/msvc\"",
					"\"$(SRCROOT)/hidspx_posix/Downloads/hidspx-2011-0324/src/libusb/lib/msvc_i64\"",
					"\"$(SRCROOT)/hidspx_posix/Downloads/hidspx-2011-0324/src/libusb/lib/msvc_x64\"",
					"\"$(SRCROOT)/hidspx_posix/hidspx-2011-0324/bin\"",
					"\"$(SRCROOT)/hidspx_posix/hidspx-2011-0324/src/libusb/lib/gcc\"",
					"\"$(SRCROOT)/hidspx_posix/hidspx-2011-0324/src/libusb/lib/msvc\"",
					"\"$(SRCROOT)/hidspx_posix/hidspx-2011-0324/src/libusb/lib/msvc_i64\"",
					"\"$(SRCROOT)/hidspx_posix/hidspx-2011-0324/src/libusb/lib/msvc_x64\"",
				);
				PRODUCT_NAME = "$(TARGET_NAME)";
			};
			name = Debug;
		};
		A30BD932134E8FD700BBFBA2 /* Release */ = {
			isa = XCBuildConfiguration;
			buildSettings = {
				ALWAYS_SEARCH_USER_PATHS = NO;
				COPY_PHASE_STRIP = YES;
				DEBUG_INFORMATION_FORMAT = "dwarf-with-dsym";
				GCC_ENABLE_OBJC_EXCEPTIONS = YES;
				LIBRARY_SEARCH_PATHS = (
					"$(inherited)",
					"\"$(SRCROOT)/hidspx_posix/Downloads/hidspx-2011-0324/bin\"",
					"\"$(SRCROOT)/hidspx_posix/Downloads/hidspx-2011-0324/src/libusb/lib/gcc\"",
					"\"$(SRCROOT)/hidspx_posix/Downloads/hidspx-2011-0324/src/libusb/lib/msvc\"",
					"\"$(SRCROOT)/hidspx_posix/Downloads/hidspx-2011-0324/src/libusb/lib/msvc_i64\"",
					"\"$(SRCROOT)/hidspx_posix/Downloads/hidspx-2011-0324/src/libusb/lib/msvc_x64\"",
					"\"$(SRCROOT)/hidspx_posix/hidspx-2011-0324/bin\"",
					"\"$(SRCROOT)/hidspx_posix/hidspx-2011-0324/src/libusb/lib/gcc\"",
					"\"$(SRCROOT)/hidspx_posix/hidspx-2011-0324/src/libusb/lib/msvc\"",
					"\"$(SRCROOT)/hidspx_posix/hidspx-2011-0324/src/libusb/lib/msvc_i64\"",
					"\"$(SRCROOT)/hidspx_posix/hidspx-2011-0324/src/libusb/lib/msvc_x64\"",
				);
				PRODUCT_NAME = "$(TARGET_NAME)";
			};
			name = Release;
		};
/* End XCBuildConfiguration section */

/* Begin XCConfigurationList section */
		A30BD921134E8FD700BBFBA2 /* Build configuration list for PBXProject "hidspx_posix" */ = {
			isa = XCConfigurationList;
			buildConfigurations = (
				A30BD92E134E8FD700BBFBA2 /* Debug */,
				A30BD92F134E8FD700BBFBA2 /* Release */,
			);
			defaultConfigurationIsVisible = 0;
			defaultConfigurationName = Debug;
		};
		A30BD930134E8FD700BBFBA2 /* Build configuration list for PBXNativeTarget "hidspx" */ = {
			isa = XCConfigurationList;
			buildConfigurations = (
				A30BD931134E8FD700BBFBA2 /* Debug */,
				A30BD932134E8FD700BBFBA2 /* Release */,
			);
			defaultConfigurationIsVisible = 0;
			defaultConfigurationName = Debug;
		};
/* End XCConfigurationList section */
	};
	rootObject = A30BD91E134E8FD700BBFBA2 /* Project object */;
}
