// !$*UTF8*$!
{
	archiveVersion = 1;
	classes = {
	};
	objectVersion = 46;
	objects = {

/* Begin PBXBuildFile section */
		A30BD993134E912400BBFBA2 /* avrspx.c in Sources */ = {isa = PBXBuildFile; fileRef = A30BD987134E912400BBFBA2 /* avrspx.c */; };
		A30BD994134E912400BBFBA2 /* hidasp.c in Sources */ = {isa = PBXBuildFile; fileRef = A30BD98B134E912400BBFBA2 /* hidasp.c */; };
		A30BD996134E912400BBFBA2 /* Makefile in Sources */ = {isa = PBXBuildFile; fileRef = A30BD991134E912400BBFBA2 /* Makefile */; };
		A30BD997134E912400BBFBA2 /* utils.c in Sources */ = {isa = PBXBuildFile; fileRef = A30BD992134E912400BBFBA2 /* utils.c */; };
		A30BD99A134E94E900BBFBA2 /* hwctrl_posix.c in Sources */ = {isa = PBXBuildFile; fileRef = A30BD999134E94E900BBFBA2 /* hwctrl_posix.c */; };
/* End PBXBuildFile section */

/* Begin PBXCopyFilesBuildPhase section */
		A30BD925134E8FD700BBFBA2 /* CopyFiles */ = {
			isa = PBXCopyFilesBuildPhase;
			buildActionMask = 2147483647;
			dstPath = /usr/share/man/man1/;
			dstSubfolderSpec = 0;
			files = (
			);
			runOnlyForDeploymentPostprocessing = 1;
		};
/* End PBXCopyFilesBuildPhase section */

/* Begin PBXFileReference section */
		A30BD927134E8FD700BBFBA2 /* hidspx_posix */ = {isa = PBXFileReference; explicitFileType = "compiled.mach-o.executable"; includeInIndex = 0; path = hidspx_posix; sourceTree = BUILT_PRODUCTS_DIR; };
		A30BD92D134E8FD700BBFBA2 /* hidspx_posix.1 */ = {isa = PBXFileReference; lastKnownFileType = text.man; path = hidspx_posix.1; sourceTree = "<group>"; };
		A30BD987134E912400BBFBA2 /* avrspx.c */ = {isa = PBXFileReference; fileEncoding = 4; lastKnownFileType = sourcecode.c.c; path = avrspx.c; sourceTree = "<group>"; };
		A30BD988134E912400BBFBA2 /* avrspx.h */ = {isa = PBXFileReference; fileEncoding = 4; lastKnownFileType = sourcecode.c.h; path = avrspx.h; sourceTree = "<group>"; };
		A30BD989134E912400BBFBA2 /* fuse_en.txt */ = {isa = PBXFileReference; fileEncoding = 4; lastKnownFileType = text; path = fuse_en.txt; sourceTree = "<group>"; };
		A30BD98A134E912400BBFBA2 /* fuse.txt */ = {isa = PBXFileReference; fileEncoding = 4; lastKnownFileType = text; path = fuse.txt; sourceTree = "<group>"; };
		A30BD98B134E912400BBFBA2 /* hidasp.c */ = {isa = PBXFileReference; fileEncoding = 4; lastKnownFileType = sourcecode.c.c; path = hidasp.c; sourceTree = "<group>"; };
		A30BD98C134E912400BBFBA2 /* hidasp.h */ = {isa = PBXFileReference; fileEncoding = 4; lastKnownFileType = sourcecode.c.h; path = hidasp.h; sourceTree = "<group>"; };
		A30BD98D134E912400BBFBA2 /* hidcmd.h */ = {isa = PBXFileReference; fileEncoding = 4; lastKnownFileType = sourcecode.c.h; path = hidcmd.h; sourceTree = "<group>"; };
		A30BD98E134E912400BBFBA2 /* hidspx.ini */ = {isa = PBXFileReference; fileEncoding = 4; lastKnownFileType = text; path = hidspx.ini; sourceTree = "<group>"; };
		A30BD991134E912400BBFBA2 /* Makefile */ = {isa = PBXFileReference; fileEncoding = 4; lastKnownFileType = sourcecode.make; path = Makefile; sourceTree = "<group>"; };
		A30BD992134E912400BBFBA2 /* utils.c */ = {isa = PBXFileReference; fileEncoding = 4; lastKnownFileType = sourcecode.c.c; path = utils.c; sourceTree = "<group>"; };
		A30BD999134E94E900BBFBA2 /* hwctrl_posix.c */ = {isa = PBXFileReference; fileEncoding = 4; lastKnownFileType = sourcecode.c.c; path = hwctrl_posix.c; sourceTree = "<group>"; };
		A30BD99C134EDFC400BBFBA2 /* hwctrl.h */ = {isa = PBXFileReference; fileEncoding = 4; lastKnownFileType = sourcecode.c.h; path = hwctrl.h; sourceTree = "<group>"; };
/* End PBXFileReference section */

/* Begin PBXFrameworksBuildPhase section */
		A30BD924134E8FD700BBFBA2 /* Frameworks */ = {
			isa = PBXFrameworksBuildPhase;
			buildActionMask = 2147483647;
			files = (
			);
			runOnlyForDeploymentPostprocessing = 0;
		};
/* End PBXFrameworksBuildPhase section */

/* Begin PBXGroup section */
		A30BD91C134E8FD700BBFBA2 = {
			isa = PBXGroup;
			children = (
				A30BD92A134E8FD700BBFBA2 /* hidspx_posix */,
				A30BD928134E8FD700BBFBA2 /* Products */,
			);
			sourceTree = "<group>";
		};
		A30BD928134E8FD700BBFBA2 /* Products */ = {
			isa = PBXGroup;
			children = (
				A30BD927134E8FD700BBFBA2 /* hidspx_posix */,
			);
			name = Products;
			sourceTree = "<group>";
		};
		A30BD92A134E8FD700BBFBA2 /* hidspx_posix */ = {
			isa = PBXGroup;
			children = (
				A30BD99C134EDFC400BBFBA2 /* hwctrl.h */,
				A30BD987134E912400BBFBA2 /* avrspx.c */,
				A30BD988134E912400BBFBA2 /* avrspx.h */,
				A30BD989134E912400BBFBA2 /* fuse_en.txt */,
				A30BD98A134E912400BBFBA2 /* fuse.txt */,
				A30BD98B134E912400BBFBA2 /* hidasp.c */,
				A30BD98C134E912400BBFBA2 /* hidasp.h */,
				A30BD98D134E912400BBFBA2 /* hidcmd.h */,
				A30BD98E134E912400BBFBA2 /* hidspx.ini */,
				A30BD991134E912400BBFBA2 /* Makefile */,
				A30BD992134E912400BBFBA2 /* utils.c */,
				A30BD92D134E8FD700BBFBA2 /* hidspx_posix.1 */,
				A30BD999134E94E900BBFBA2 /* hwctrl_posix.c */,
			);
			path = hidspx_posix;
			sourceTree = "<group>";
		};
/* End PBXGroup section */

/* Begin PBXNativeTarget section */
		A30BD926134E8FD700BBFBA2 /* hidspx_posix */ = {
			isa = PBXNativeTarget;
			buildConfigurationList = A30BD930134E8FD700BBFBA2 /* Build configuration list for PBXNativeTarget "hidspx_posix" */;
			buildPhases = (
				A30BD923134E8FD700BBFBA2 /* Sources */,
				A30BD924134E8FD700BBFBA2 /* Frameworks */,
				A30BD925134E8FD700BBFBA2 /* CopyFiles */,
			);
			buildRules = (
			);
			dependencies = (
			);
			name = hidspx_posix;
			productName = hidspx_posix;
			productReference = A30BD927134E8FD700BBFBA2 /* hidspx_posix */;
			productType = "com.apple.product-type.tool";
		};
/* End PBXNativeTarget section */

/* Begin PBXProject section */
		A30BD91E134E8FD700BBFBA2 /* Project object */ = {
			isa = PBXProject;
			buildConfigurationList = A30BD921134E8FD700BBFBA2 /* Build configuration list for PBXProject "hidspx_posix" */;
			compatibilityVersion = "Xcode 3.2";
			developmentRegion = English;
			hasScannedForEncodings = 0;
			knownRegions = (
				en,
			);
			mainGroup = A30BD91C134E8FD700BBFBA2;
			productRefGroup = A30BD928134E8FD700BBFBA2 /* Products */;
			projectDirPath = "";
			projectRoot = "";
			targets = (
				A30BD926134E8FD700BBFBA2 /* hidspx_posix */,
			);
		};
/* End PBXProject section */

/* Begin PBXSourcesBuildPhase section */
		A30BD923134E8FD700BBFBA2 /* Sources */ = {
			isa = PBXSourcesBuildPhase;
			buildActionMask = 2147483647;
			files = (
				A30BD993134E912400BBFBA2 /* avrspx.c in Sources */,
				A30BD994134E912400BBFBA2 /* hidasp.c in Sources */,
				A30BD996134E912400BBFBA2 /* Makefile in Sources */,
				A30BD997134E912400BBFBA2 /* utils.c in Sources */,
				A30BD99A134E94E900BBFBA2 /* hwctrl_posix.c in Sources */,
			);
			runOnlyForDeploymentPostprocessing = 0;
		};
/* End PBXSourcesBuildPhase section */

/* Begin XCBuildConfiguration section */
		A30BD92E134E8FD700BBFBA2 /* Debug */ = {
			isa = XCBuildConfiguration;
			buildSettings = {
				ARCHS = "$(ARCHS_STANDARD_32_64_BIT)";
				GCC_C_LANGUAGE_STANDARD = gnu99;
				GCC_OPTIMIZATION_LEVEL = 0;
				GCC_PREPROCESSOR_DEFINITIONS = (
					DEBUG,
					USER_BOOKMARKS,
					"AVRSPX=1",
					MACOS,
					TIME_DISPLAY,
					POSIX_TTY,
				);
				GCC_SYMBOLS_PRIVATE_EXTERN = NO;
				GCC_VERSION = com.apple.compilers.llvm.clang.1_0;
				GCC_WARN_64_TO_32_BIT_CONVERSION = YES;
				GCC_WARN_ABOUT_RETURN_TYPE = YES;
				GCC_WARN_UNUSED_VARIABLE = YES;
				MACOSX_DEPLOYMENT_TARGET = 10.6;
				ONLY_ACTIVE_ARCH = YES;
				SDKROOT = macosx;
			};
			name = Debug;
		};
		A30BD92F134E8FD700BBFBA2 /* Release */ = {
			isa = XCBuildConfiguration;
			buildSettings = {
				ARCHS = "$(ARCHS_STANDARD_32_64_BIT)";
				GCC_C_LANGUAGE_STANDARD = gnu99;
				GCC_PREPROCESSOR_DEFINITIONS = (
					USER_BOOKMARKS,
					"AVRSPX=1",
					MACOS,
					TIME_DISPLAY,
					POSIX_TTY,
				);
				GCC_VERSION = com.apple.compilers.llvm.clang.1_0;
				GCC_WARN_64_TO_32_BIT_CONVERSION = YES;
				GCC_WARN_ABOUT_RETURN_TYPE = YES;
				GCC_WARN_UNUSED_VARIABLE = YES;
				MACOSX_DEPLOYMENT_TARGET = 10.6;
				SDKROOT = macosx;
			};
			name = Release;
		};
		A30BD931134E8FD700BBFBA2 /* Debug */ = {
			isa = XCBuildConfiguration;
			buildSettings = {
				ALWAYS_SEARCH_USER_PATHS = NO;
				COPY_PHASE_STRIP = NO;
				GCC_DYNAMIC_NO_PIC = NO;
				GCC_ENABLE_OBJC_EXCEPTIONS = YES;
				PRODUCT_NAME = "$(TARGET_NAME)";
			};
			name = Debug;
		};
		A30BD932134E8FD700BBFBA2 /* Release */ = {
			isa = XCBuildConfiguration;
			buildSettings = {
				ALWAYS_SEARCH_USER_PATHS = NO;
				COPY_PHASE_STRIP = YES;
				DEBUG_INFORMATION_FORMAT = "dwarf-with-dsym";
				GCC_ENABLE_OBJC_EXCEPTIONS = YES;
				PRODUCT_NAME = "$(TARGET_NAME)";
			};
			name = Release;
		};
/* End XCBuildConfiguration section */

/* Begin XCConfigurationList section */
		A30BD921134E8FD700BBFBA2 /* Build configuration list for PBXProject "hidspx_posix" */ = {
			isa = XCConfigurationList;
			buildConfigurations = (
				A30BD92E134E8FD700BBFBA2 /* Debug */,
				A30BD92F134E8FD700BBFBA2 /* Release */,
			);
			defaultConfigurationIsVisible = 0;
			defaultConfigurationName = Debug;
		};
		A30BD930134E8FD700BBFBA2 /* Build configuration list for PBXNativeTarget "hidspx_posix" */ = {
			isa = XCConfigurationList;
			buildConfigurations = (
				A30BD931134E8FD700BBFBA2 /* Debug */,
				A30BD932134E8FD700BBFBA2 /* Release */,
			);
			defaultConfigurationIsVisible = 0;
			defaultConfigurationName = Debug;
		};
/* End XCConfigurationList section */
	};
	rootObject = A30BD91E134E8FD700BBFBA2 /* Project object */;
}
